
Microsoft Visual Studio Solution File, Format Version 12.00
# Visual Studio Version 17
VisualStudioVersion = 17.6.33829.357
MinimumVisualStudioVersion = 10.0.40219.1
Project("{FAE04EC0-301F-11D3-BF4B-00C04F79EFBC}") = "StorePhones.DAL", "StorePhones.DAL\StorePhones.DAL.csproj", "{7AD2276A-5E95-415D-A2CE-920CDE7220A5}"
EndProject
Project("{FAE04EC0-301F-11D3-BF4B-00C04F79EFBC}") = "StorePhones.BLL", "StorePhones.BLL\StorePhones.BLL.csproj", "{6B2EBFAB-FB11-4BD7-AE18-98B495E988F1}"
EndProject
Project("{FAE04EC0-301F-11D3-BF4B-00C04F79EFBC}") = "StorePhones.PL", "StorePhones.PL\StorePhones.PL.csproj", "{70AF82B5-D544-4293-8ECD-8839DF439535}"
EndProject
Global
	GlobalSection(SolutionConfigurationPlatforms) = preSolution
		Debug|Any CPU = Debug|Any CPU
		Release|Any CPU = Release|Any CPU
	EndGlobalSection
	GlobalSection(ProjectConfigurationPlatforms) = postSolution
		{7AD2276A-5E95-415D-A2CE-920CDE7220A5}.Debug|Any CPU.ActiveCfg = Debug|Any CPU
		{7AD2276A-5E95-415D-A2CE-920CDE7220A5}.Debug|Any CPU.Build.0 = Debug|Any CPU
		{7AD2276A-5E95-415D-A2CE-920CDE7220A5}.Release|Any CPU.ActiveCfg = Release|Any CPU
		{7AD2276A-5E95-415D-A2CE-920CDE7220A5}.Release|Any CPU.Build.0 = Release|Any CPU
		{6B2EBFAB-FB11-4BD7-AE18-98B495E988F1}.Debug|Any CPU.ActiveCfg = Debug|Any CPU
		{6B2EBFAB-FB11-4BD7-AE18-98B495E988F1}.Debug|Any CPU.Build.0 = Debug|Any CPU
		{6B2EBFAB-FB11-4BD7-AE18-98B495E988F1}.Release|Any CPU.ActiveCfg = Release|Any CPU
		{6B2EBFAB-FB11-4BD7-AE18-98B495E988F1}.Release|Any CPU.Build.0 = Release|Any CPU
		{70AF82B5-D544-4293-8ECD-8839DF439535}.Debug|Any CPU.ActiveCfg = Debug|Any CPU
		{70AF82B5-D544-4293-8ECD-8839DF439535}.Debug|Any CPU.Build.0 = Debug|Any CPU
		{70AF82B5-D544-4293-8ECD-8839DF439535}.Release|Any CPU.ActiveCfg = Release|Any CPU
		{70AF82B5-D544-4293-8ECD-8839DF439535}.Release|Any CPU.Build.0 = Release|Any CPU
	EndGlobalSection
	GlobalSection(SolutionProperties) = preSolution
		HideSolutionNode = FALSE
	EndGlobalSection
	GlobalSection(ExtensibilityGlobals) = postSolution
		SolutionGuid = {6AA2BFFF-C161-4D1B-BA14-A89FC02A7E7D}
	EndGlobalSection
EndGlobal
